
Microsoft Visual Studio Solution File, Format Version 10.00
# Visual Studio 2008
Project("{FAE04EC0-301F-11D3-BF4B-00C04F79EFBC}") = "ConfigDemo", "ConfigDemo\ConfigDemo.csproj", "{038A4BD7-764F-44B8-A7ED-B261681B2BF3}"
EndProject
Global
	GlobalSection(SolutionConfigurationPlatforms) = preSolution
		Debug|Any CPU = Debug|Any CPU
		Release|Any CPU = Release|Any CPU
	EndGlobalSection
	GlobalSection(ProjectConfigurationPlatforms) = postSolution
		{038A4BD7-764F-44B8-A7ED-B261681B2BF3}.Debug|Any CPU.ActiveCfg = Debug|Any CPU
		{038A4BD7-764F-44B8-A7ED-B261681B2BF3}.Debug|Any CPU.Build.0 = Debug|Any CPU
		{038A4BD7-764F-44B8-A7ED-B261681B2BF3}.Release|Any CPU.ActiveCfg = Release|Any CPU
		{038A4BD7-764F-44B8-A7ED-B261681B2BF3}.Release|Any CPU.Build.0 = Release|Any CPU
	EndGlobalSection
	GlobalSection(SolutionProperties) = preSolution
		HideSolutionNode = FALSE
	EndGlobalSection
EndGlobal
